
Microsoft Visual Studio Solution File, Format Version 12.00
# Visual Studio Version 16
VisualStudioVersion = 16.0.29123.88
MinimumVisualStudioVersion = 10.0.40219.1
Project("{FAE04EC0-301F-11D3-BF4B-00C04F79EFBC}") = "AjengRuswanti_Kalkulator", "AjengRuswanti_Kalkulator\AjengRuswanti_Kalkulator.csproj", "{B865A7C2-B3A8-46E4-939C-BEA93BF67D35}"
EndProject
Global
	GlobalSection(SolutionConfigurationPlatforms) = preSolution
		Debug|Any CPU = Debug|Any CPU
		Release|Any CPU = Release|Any CPU
	EndGlobalSection
	GlobalSection(ProjectConfigurationPlatforms) = postSolution
		{B865A7C2-B3A8-46E4-939C-BEA93BF67D35}.Debug|Any CPU.ActiveCfg = Debug|Any CPU
		{B865A7C2-B3A8-46E4-939C-BEA93BF67D35}.Debug|Any CPU.Build.0 = Debug|Any CPU
		{B865A7C2-B3A8-46E4-939C-BEA93BF67D35}.Release|Any CPU.ActiveCfg = Release|Any CPU
		{B865A7C2-B3A8-46E4-939C-BEA93BF67D35}.Release|Any CPU.Build.0 = Release|Any CPU
	EndGlobalSection
	GlobalSection(SolutionProperties) = preSolution
		HideSolutionNode = FALSE
	EndGlobalSection
	GlobalSection(ExtensibilityGlobals) = postSolution
		SolutionGuid = {B8F2202A-1D09-445E-98C6-950EAADED685}
	EndGlobalSection
EndGlobal
